// !$*UTF8*$!
{
	archiveVersion = 1;
	classes = {
	};
	objectVersion = 56;
	objects = {

/* Begin PBXBuildFile section */
		1FB51FBB299ADE4200457566 /* ListView+Assembly.swift in Sources */ = {isa = PBXBuildFile; fileRef = 1FB51FBA299ADE4200457566 /* ListView+Assembly.swift */; };
		1FB51FBD299ADEBD00457566 /* DetailsView+Assembly.swift in Sources */ = {isa = PBXBuildFile; fileRef = 1FB51FBC299ADEBD00457566 /* DetailsView+Assembly.swift */; };
		1FB51FBF299AE29600457566 /* ConsoleLog.swift in Sources */ = {isa = PBXBuildFile; fileRef = 1FB51FBE299AE29600457566 /* ConsoleLog.swift */; };
		1FB51FC3299AE79500457566 /* RestMoviesServicePreview.swift in Sources */ = {isa = PBXBuildFile; fileRef = 1FB51FC2299AE79500457566 /* RestMoviesServicePreview.swift */; };
		1FB51FC5299AE81A00457566 /* CoreDataMoviesServicePreview.swift in Sources */ = {isa = PBXBuildFile; fileRef = 1FB51FC4299AE81A00457566 /* CoreDataMoviesServicePreview.swift */; };
		1FB51FC7299AE8F100457566 /* StoragePreview.swift in Sources */ = {isa = PBXBuildFile; fileRef = 1FB51FC6299AE8F100457566 /* StoragePreview.swift */; };
		1FB51FD8299BE93A00457566 /* MoviesServiceImplTests.swift in Sources */ = {isa = PBXBuildFile; fileRef = 1FB51FD7299BE93A00457566 /* MoviesServiceImplTests.swift */; };
		1FB51FDB299BEC0400457566 /* RestMoviesServiceSpy.swift in Sources */ = {isa = PBXBuildFile; fileRef = 1FB51FDA299BEC0400457566 /* RestMoviesServiceSpy.swift */; };
		1FB51FDD299BEC6A00457566 /* CoreDataMoviesServiceSpy.swift in Sources */ = {isa = PBXBuildFile; fileRef = 1FB51FDC299BEC6A00457566 /* CoreDataMoviesServiceSpy.swift */; };
		1FB51FE1299BF31C00457566 /* ListViewViewModelTests.swift in Sources */ = {isa = PBXBuildFile; fileRef = 1FB51FE0299BF31C00457566 /* ListViewViewModelTests.swift */; };
		1FB51FE4299BF40000457566 /* MoviesServiceStub.swift in Sources */ = {isa = PBXBuildFile; fileRef = 1FB51FE3299BF40000457566 /* MoviesServiceStub.swift */; };
		1FB51FE8299C03CD00457566 /* RemoteImage.swift in Sources */ = {isa = PBXBuildFile; fileRef = 1FB51FE7299C03CD00457566 /* RemoteImage.swift */; };
		1FB51FEA299C078200457566 /* ImageCacheManager.swift in Sources */ = {isa = PBXBuildFile; fileRef = 1FB51FE9299C078200457566 /* ImageCacheManager.swift */; };
		1FB51FEC299C094400457566 /* MoviesServiceSpy.swift in Sources */ = {isa = PBXBuildFile; fileRef = 1FB51FEB299C094400457566 /* MoviesServiceSpy.swift */; };
		1FC74F4C299A5E8500EEBE80 /* TestTaskAppApp.swift in Sources */ = {isa = PBXBuildFile; fileRef = 1FC74F4B299A5E8500EEBE80 /* TestTaskAppApp.swift */; };
		1FC74F50299A5E8700EEBE80 /* Assets.xcassets in Resources */ = {isa = PBXBuildFile; fileRef = 1FC74F4F299A5E8700EEBE80 /* Assets.xcassets */; };
		1FC74F53299A5E8700EEBE80 /* Preview Assets.xcassets in Resources */ = {isa = PBXBuildFile; fileRef = 1FC74F52299A5E8700EEBE80 /* Preview Assets.xcassets */; };
		1FC74F5B299A616A00EEBE80 /* Images.xcassets in Resources */ = {isa = PBXBuildFile; fileRef = 1FC74F5A299A616A00EEBE80 /* Images.xcassets */; };
		1FC74F5D299A617400EEBE80 /* Colors.xcassets in Resources */ = {isa = PBXBuildFile; fileRef = 1FC74F5C299A617400EEBE80 /* Colors.xcassets */; };
		1FC74F65299A61F800EEBE80 /* DataModel.xcdatamodeld in Sources */ = {isa = PBXBuildFile; fileRef = 1FC74F63299A61F800EEBE80 /* DataModel.xcdatamodeld */; };
		1FC74F68299A620800EEBE80 /* ConfigConstants.swift in Sources */ = {isa = PBXBuildFile; fileRef = 1FC74F67299A620800EEBE80 /* ConfigConstants.swift */; };
		1FC74F6D299A632900EEBE80 /* Localizable.strings in Resources */ = {isa = PBXBuildFile; fileRef = 1FC74F6F299A632900EEBE80 /* Localizable.strings */; };
		1FC74F73299A67E600EEBE80 /* Storage.swift in Sources */ = {isa = PBXBuildFile; fileRef = 1FC74F72299A67E600EEBE80 /* Storage.swift */; };
		1FC74F75299A67F700EEBE80 /* StorageCore.swift in Sources */ = {isa = PBXBuildFile; fileRef = 1FC74F74299A67F700EEBE80 /* StorageCore.swift */; };
		1FC74F79299A681700EEBE80 /* MoviesService.swift in Sources */ = {isa = PBXBuildFile; fileRef = 1FC74F78299A681700EEBE80 /* MoviesService.swift */; };
		1FC74F7B299A682400EEBE80 /* MoviesServiceImpl.swift in Sources */ = {isa = PBXBuildFile; fileRef = 1FC74F7A299A682300EEBE80 /* MoviesServiceImpl.swift */; };
		1FC74F7E299A686400EEBE80 /* RestCore.swift in Sources */ = {isa = PBXBuildFile; fileRef = 1FC74F7D299A686400EEBE80 /* RestCore.swift */; };
		1FC74F80299A687400EEBE80 /* RestMoviesService.swift in Sources */ = {isa = PBXBuildFile; fileRef = 1FC74F7F299A687400EEBE80 /* RestMoviesService.swift */; };
		1FC74F83299A689000EEBE80 /* ResponseMovies.swift in Sources */ = {isa = PBXBuildFile; fileRef = 1FC74F82299A689000EEBE80 /* ResponseMovies.swift */; };
		1FC74F86299A68AF00EEBE80 /* CoreDataManager.swift in Sources */ = {isa = PBXBuildFile; fileRef = 1FC74F85299A68AF00EEBE80 /* CoreDataManager.swift */; };
		1FC74F88299A68BC00EEBE80 /* CoreDataMoviesService.swift in Sources */ = {isa = PBXBuildFile; fileRef = 1FC74F87299A68BC00EEBE80 /* CoreDataMoviesService.swift */; };
		1FC74F8A299A68D200EEBE80 /* Results.swift in Sources */ = {isa = PBXBuildFile; fileRef = 1FC74F89299A68D200EEBE80 /* Results.swift */; };
		1FC74F8C299A68DC00EEBE80 /* ResponseError.swift in Sources */ = {isa = PBXBuildFile; fileRef = 1FC74F8B299A68DC00EEBE80 /* ResponseError.swift */; };
		1FC74F8E299A68F200EEBE80 /* Movie.swift in Sources */ = {isa = PBXBuildFile; fileRef = 1FC74F8D299A68F200EEBE80 /* Movie.swift */; };
		1FC74F90299A690000EEBE80 /* MovieObject.swift in Sources */ = {isa = PBXBuildFile; fileRef = 1FC74F8F299A690000EEBE80 /* MovieObject.swift */; };
		1FC74F94299A692D00EEBE80 /* MovieAdapter.swift in Sources */ = {isa = PBXBuildFile; fileRef = 1FC74F93299A692D00EEBE80 /* MovieAdapter.swift */; };
		1FC74F96299A693A00EEBE80 /* MovieObjectAdapter.swift in Sources */ = {isa = PBXBuildFile; fileRef = 1FC74F95299A693A00EEBE80 /* MovieObjectAdapter.swift */; };
		1FC74F9B299A6D5100EEBE80 /* HostingController.swift in Sources */ = {isa = PBXBuildFile; fileRef = 1FC74F9A299A6D5100EEBE80 /* HostingController.swift */; };
		1FC74F9D299A6D6900EEBE80 /* NavigationUIController.swift in Sources */ = {isa = PBXBuildFile; fileRef = 1FC74F9C299A6D6900EEBE80 /* NavigationUIController.swift */; };
		1FC74F9F299A6D9000EEBE80 /* DIContainer.swift in Sources */ = {isa = PBXBuildFile; fileRef = 1FC74F9E299A6D9000EEBE80 /* DIContainer.swift */; };
		1FC74FA1299A6D9A00EEBE80 /* ViewModel.swift in Sources */ = {isa = PBXBuildFile; fileRef = 1FC74FA0299A6D9A00EEBE80 /* ViewModel.swift */; };
		1FC74FA3299A6ED700EEBE80 /* NavigationService.swift in Sources */ = {isa = PBXBuildFile; fileRef = 1FC74FA2299A6ED700EEBE80 /* NavigationService.swift */; };
		1FC74FA6299A702700EEBE80 /* RootView.swift in Sources */ = {isa = PBXBuildFile; fileRef = 1FC74FA5299A702700EEBE80 /* RootView.swift */; };
		1FC74FA8299A703B00EEBE80 /* RootView+ViewModel.swift in Sources */ = {isa = PBXBuildFile; fileRef = 1FC74FA7299A703B00EEBE80 /* RootView+ViewModel.swift */; };
		1FC74FAE299A708500EEBE80 /* ListView+Router.swift in Sources */ = {isa = PBXBuildFile; fileRef = 1FC74FAB299A708500EEBE80 /* ListView+Router.swift */; };
		1FC74FAF299A708500EEBE80 /* ListView+ViewModel.swift in Sources */ = {isa = PBXBuildFile; fileRef = 1FC74FAC299A708500EEBE80 /* ListView+ViewModel.swift */; };
		1FC74FB0299A708500EEBE80 /* ListView.swift in Sources */ = {isa = PBXBuildFile; fileRef = 1FC74FAD299A708500EEBE80 /* ListView.swift */; };
		1FC74FB5299A71B800EEBE80 /* DetailsView+Router.swift in Sources */ = {isa = PBXBuildFile; fileRef = 1FC74FB2299A71B800EEBE80 /* DetailsView+Router.swift */; };
		1FC74FB6299A71B800EEBE80 /* DetailsView+ViewModel.swift in Sources */ = {isa = PBXBuildFile; fileRef = 1FC74FB3299A71B800EEBE80 /* DetailsView+ViewModel.swift */; };
		1FC74FB7299A71B800EEBE80 /* DetailsView.swift in Sources */ = {isa = PBXBuildFile; fileRef = 1FC74FB4299A71B800EEBE80 /* DetailsView.swift */; };
		1FC74FBA299A722500EEBE80 /* MovieRow.swift in Sources */ = {isa = PBXBuildFile; fileRef = 1FC74FB9299A722500EEBE80 /* MovieRow.swift */; };
		1FC74FC0299A7F6500EEBE80 /* Strings.swift in Sources */ = {isa = PBXBuildFile; fileRef = 1FC74FBE299A7F6500EEBE80 /* Strings.swift */; };
		1FC74FC1299A7F6500EEBE80 /* Assets.swift in Sources */ = {isa = PBXBuildFile; fileRef = 1FC74FBF299A7F6500EEBE80 /* Assets.swift */; };
		A97BE28CCFD371E9D6048439 /* Pods_TestTaskApp.framework in Frameworks */ = {isa = PBXBuildFile; fileRef = D2CAFB7FEFBAAA212577FE86 /* Pods_TestTaskApp.framework */; };
/* End PBXBuildFile section */

/* Begin PBXContainerItemProxy section */
		1FB51FD0299BE8ED00457566 /* PBXContainerItemProxy */ = {
			isa = PBXContainerItemProxy;
			containerPortal = 1FC74F40299A5E8500EEBE80 /* Project object */;
			proxyType = 1;
			remoteGlobalIDString = 1FC74F47299A5E8500EEBE80;
			remoteInfo = TestTaskApp;
		};
/* End PBXContainerItemProxy section */

/* Begin PBXFileReference section */
		045A650AFB88E902D9CB8181 /* Pods-TestTaskApp.release-dev.xcconfig */ = {isa = PBXFileReference; includeInIndex = 1; lastKnownFileType = text.xcconfig; name = "Pods-TestTaskApp.release-dev.xcconfig"; path = "Target Support Files/Pods-TestTaskApp/Pods-TestTaskApp.release-dev.xcconfig"; sourceTree = "<group>"; };
		1FB51FBA299ADE4200457566 /* ListView+Assembly.swift */ = {isa = PBXFileReference; lastKnownFileType = sourcecode.swift; path = "ListView+Assembly.swift"; sourceTree = "<group>"; };
		1FB51FBC299ADEBD00457566 /* DetailsView+Assembly.swift */ = {isa = PBXFileReference; lastKnownFileType = sourcecode.swift; path = "DetailsView+Assembly.swift"; sourceTree = "<group>"; };
		1FB51FBE299AE29600457566 /* ConsoleLog.swift */ = {isa = PBXFileReference; lastKnownFileType = sourcecode.swift; path = ConsoleLog.swift; sourceTree = "<group>"; };
		1FB51FC2299AE79500457566 /* RestMoviesServicePreview.swift */ = {isa = PBXFileReference; lastKnownFileType = sourcecode.swift; path = RestMoviesServicePreview.swift; sourceTree = "<group>"; };
		1FB51FC4299AE81A00457566 /* CoreDataMoviesServicePreview.swift */ = {isa = PBXFileReference; lastKnownFileType = sourcecode.swift; path = CoreDataMoviesServicePreview.swift; sourceTree = "<group>"; };
		1FB51FC6299AE8F100457566 /* StoragePreview.swift */ = {isa = PBXFileReference; lastKnownFileType = sourcecode.swift; path = StoragePreview.swift; sourceTree = "<group>"; };
		1FB51FCC299BE8ED00457566 /* TestTaskAppTests.xctest */ = {isa = PBXFileReference; explicitFileType = wrapper.cfbundle; includeInIndex = 0; path = TestTaskAppTests.xctest; sourceTree = BUILT_PRODUCTS_DIR; };
		1FB51FD7299BE93A00457566 /* MoviesServiceImplTests.swift */ = {isa = PBXFileReference; lastKnownFileType = sourcecode.swift; path = MoviesServiceImplTests.swift; sourceTree = "<group>"; };
		1FB51FDA299BEC0400457566 /* RestMoviesServiceSpy.swift */ = {isa = PBXFileReference; lastKnownFileType = sourcecode.swift; path = RestMoviesServiceSpy.swift; sourceTree = "<group>"; };
		1FB51FDC299BEC6A00457566 /* CoreDataMoviesServiceSpy.swift */ = {isa = PBXFileReference; lastKnownFileType = sourcecode.swift; path = CoreDataMoviesServiceSpy.swift; sourceTree = "<group>"; };
		1FB51FE0299BF31C00457566 /* ListViewViewModelTests.swift */ = {isa = PBXFileReference; lastKnownFileType = sourcecode.swift; path = ListViewViewModelTests.swift; sourceTree = "<group>"; };
		1FB51FE3299BF40000457566 /* MoviesServiceStub.swift */ = {isa = PBXFileReference; lastKnownFileType = sourcecode.swift; path = MoviesServiceStub.swift; sourceTree = "<group>"; };
		1FB51FE7299C03CD00457566 /* RemoteImage.swift */ = {isa = PBXFileReference; lastKnownFileType = sourcecode.swift; path = RemoteImage.swift; sourceTree = "<group>"; };
		1FB51FE9299C078200457566 /* ImageCacheManager.swift */ = {isa = PBXFileReference; lastKnownFileType = sourcecode.swift; path = ImageCacheManager.swift; sourceTree = "<group>"; };
		1FB51FEB299C094400457566 /* MoviesServiceSpy.swift */ = {isa = PBXFileReference; lastKnownFileType = sourcecode.swift; path = MoviesServiceSpy.swift; sourceTree = "<group>"; };
		1FC74F48299A5E8500EEBE80 /* TestTaskApp.app */ = {isa = PBXFileReference; explicitFileType = wrapper.application; includeInIndex = 0; path = TestTaskApp.app; sourceTree = BUILT_PRODUCTS_DIR; };
		1FC74F4B299A5E8500EEBE80 /* TestTaskAppApp.swift */ = {isa = PBXFileReference; lastKnownFileType = sourcecode.swift; path = TestTaskAppApp.swift; sourceTree = "<group>"; };
		1FC74F4F299A5E8700EEBE80 /* Assets.xcassets */ = {isa = PBXFileReference; lastKnownFileType = folder.assetcatalog; path = Assets.xcassets; sourceTree = "<group>"; };
		1FC74F52299A5E8700EEBE80 /* Preview Assets.xcassets */ = {isa = PBXFileReference; lastKnownFileType = folder.assetcatalog; path = "Preview Assets.xcassets"; sourceTree = "<group>"; };
		1FC74F5A299A616A00EEBE80 /* Images.xcassets */ = {isa = PBXFileReference; lastKnownFileType = folder.assetcatalog; path = Images.xcassets; sourceTree = "<group>"; };
		1FC74F5C299A617400EEBE80 /* Colors.xcassets */ = {isa = PBXFileReference; lastKnownFileType = folder.assetcatalog; path = Colors.xcassets; sourceTree = "<group>"; };
		1FC74F60299A61C500EEBE80 /* ConfigDev.xcconfig */ = {isa = PBXFileReference; lastKnownFileType = text.xcconfig; path = ConfigDev.xcconfig; sourceTree = "<group>"; };
		1FC74F61299A61D900EEBE80 /* ConfigProd.xcconfig */ = {isa = PBXFileReference; lastKnownFileType = text.xcconfig; path = ConfigProd.xcconfig; sourceTree = "<group>"; };
		1FC74F64299A61F800EEBE80 /* DataModel.xcdatamodel */ = {isa = PBXFileReference; lastKnownFileType = wrapper.xcdatamodel; path = DataModel.xcdatamodel; sourceTree = "<group>"; };
		1FC74F67299A620800EEBE80 /* ConfigConstants.swift */ = {isa = PBXFileReference; lastKnownFileType = sourcecode.swift; path = ConfigConstants.swift; sourceTree = "<group>"; };
		1FC74F69299A62CE00EEBE80 /* Info.plist */ = {isa = PBXFileReference; lastKnownFileType = text.plist.xml; path = Info.plist; sourceTree = "<group>"; };
		1FC74F6E299A632900EEBE80 /* en */ = {isa = PBXFileReference; lastKnownFileType = text.plist.strings; name = en; path = en.lproj/Localizable.strings; sourceTree = "<group>"; };
		1FC74F70299A634200EEBE80 /* uk */ = {isa = PBXFileReference; lastKnownFileType = text.plist.strings; name = uk; path = uk.lproj/Localizable.strings; sourceTree = "<group>"; };
		1FC74F72299A67E600EEBE80 /* Storage.swift */ = {isa = PBXFileReference; lastKnownFileType = sourcecode.swift; path = Storage.swift; sourceTree = "<group>"; };
		1FC74F74299A67F700EEBE80 /* StorageCore.swift */ = {isa = PBXFileReference; lastKnownFileType = sourcecode.swift; path = StorageCore.swift; sourceTree = "<group>"; };
		1FC74F78299A681700EEBE80 /* MoviesService.swift */ = {isa = PBXFileReference; lastKnownFileType = sourcecode.swift; path = MoviesService.swift; sourceTree = "<group>"; };
		1FC74F7A299A682300EEBE80 /* MoviesServiceImpl.swift */ = {isa = PBXFileReference; lastKnownFileType = sourcecode.swift; path = MoviesServiceImpl.swift; sourceTree = "<group>"; };
		1FC74F7D299A686400EEBE80 /* RestCore.swift */ = {isa = PBXFileReference; lastKnownFileType = sourcecode.swift; path = RestCore.swift; sourceTree = "<group>"; };
		1FC74F7F299A687400EEBE80 /* RestMoviesService.swift */ = {isa = PBXFileReference; lastKnownFileType = sourcecode.swift; path = RestMoviesService.swift; sourceTree = "<group>"; };
		1FC74F82299A689000EEBE80 /* ResponseMovies.swift */ = {isa = PBXFileReference; lastKnownFileType = sourcecode.swift; path = ResponseMovies.swift; sourceTree = "<group>"; };
		1FC74F85299A68AF00EEBE80 /* CoreDataManager.swift */ = {isa = PBXFileReference; lastKnownFileType = sourcecode.swift; path = CoreDataManager.swift; sourceTree = "<group>"; };
		1FC74F87299A68BC00EEBE80 /* CoreDataMoviesService.swift */ = {isa = PBXFileReference; lastKnownFileType = sourcecode.swift; path = CoreDataMoviesService.swift; sourceTree = "<group>"; };
		1FC74F89299A68D200EEBE80 /* Results.swift */ = {isa = PBXFileReference; lastKnownFileType = sourcecode.swift; path = Results.swift; sourceTree = "<group>"; };
		1FC74F8B299A68DC00EEBE80 /* ResponseError.swift */ = {isa = PBXFileReference; lastKnownFileType = sourcecode.swift; path = ResponseError.swift; sourceTree = "<group>"; };
		1FC74F8D299A68F200EEBE80 /* Movie.swift */ = {isa = PBXFileReference; lastKnownFileType = sourcecode.swift; path = Movie.swift; sourceTree = "<group>"; };
		1FC74F8F299A690000EEBE80 /* MovieObject.swift */ = {isa = PBXFileReference; lastKnownFileType = sourcecode.swift; path = MovieObject.swift; sourceTree = "<group>"; };
		1FC74F93299A692D00EEBE80 /* MovieAdapter.swift */ = {isa = PBXFileReference; lastKnownFileType = sourcecode.swift; path = MovieAdapter.swift; sourceTree = "<group>"; };
		1FC74F95299A693A00EEBE80 /* MovieObjectAdapter.swift */ = {isa = PBXFileReference; lastKnownFileType = sourcecode.swift; path = MovieObjectAdapter.swift; sourceTree = "<group>"; };
		1FC74F9A299A6D5100EEBE80 /* HostingController.swift */ = {isa = PBXFileReference; lastKnownFileType = sourcecode.swift; path = HostingController.swift; sourceTree = "<group>"; };
		1FC74F9C299A6D6900EEBE80 /* NavigationUIController.swift */ = {isa = PBXFileReference; lastKnownFileType = sourcecode.swift; path = NavigationUIController.swift; sourceTree = "<group>"; };
		1FC74F9E299A6D9000EEBE80 /* DIContainer.swift */ = {isa = PBXFileReference; lastKnownFileType = sourcecode.swift; path = DIContainer.swift; sourceTree = "<group>"; };
		1FC74FA0299A6D9A00EEBE80 /* ViewModel.swift */ = {isa = PBXFileReference; lastKnownFileType = sourcecode.swift; path = ViewModel.swift; sourceTree = "<group>"; };
		1FC74FA2299A6ED700EEBE80 /* NavigationService.swift */ = {isa = PBXFileReference; lastKnownFileType = sourcecode.swift; path = NavigationService.swift; sourceTree = "<group>"; };
		1FC74FA5299A702700EEBE80 /* RootView.swift */ = {isa = PBXFileReference; lastKnownFileType = sourcecode.swift; path = RootView.swift; sourceTree = "<group>"; };
		1FC74FA7299A703B00EEBE80 /* RootView+ViewModel.swift */ = {isa = PBXFileReference; lastKnownFileType = sourcecode.swift; path = "RootView+ViewModel.swift"; sourceTree = "<group>"; };
		1FC74FAB299A708500EEBE80 /* ListView+Router.swift */ = {isa = PBXFileReference; lastKnownFileType = sourcecode.swift; path = "ListView+Router.swift"; sourceTree = "<group>"; };
		1FC74FAC299A708500EEBE80 /* ListView+ViewModel.swift */ = {isa = PBXFileReference; lastKnownFileType = sourcecode.swift; path = "ListView+ViewModel.swift"; sourceTree = "<group>"; };
		1FC74FAD299A708500EEBE80 /* ListView.swift */ = {isa = PBXFileReference; lastKnownFileType = sourcecode.swift; path = ListView.swift; sourceTree = "<group>"; };
		1FC74FB2299A71B800EEBE80 /* DetailsView+Router.swift */ = {isa = PBXFileReference; lastKnownFileType = sourcecode.swift; path = "DetailsView+Router.swift"; sourceTree = "<group>"; };
		1FC74FB3299A71B800EEBE80 /* DetailsView+ViewModel.swift */ = {isa = PBXFileReference; lastKnownFileType = sourcecode.swift; path = "DetailsView+ViewModel.swift"; sourceTree = "<group>"; };
		1FC74FB4299A71B800EEBE80 /* DetailsView.swift */ = {isa = PBXFileReference; lastKnownFileType = sourcecode.swift; path = DetailsView.swift; sourceTree = "<group>"; };
		1FC74FB9299A722500EEBE80 /* MovieRow.swift */ = {isa = PBXFileReference; lastKnownFileType = sourcecode.swift; path = MovieRow.swift; sourceTree = "<group>"; };
		1FC74FBE299A7F6500EEBE80 /* Strings.swift */ = {isa = PBXFileReference; fileEncoding = 4; lastKnownFileType = sourcecode.swift; path = Strings.swift; sourceTree = "<group>"; };
		1FC74FBF299A7F6500EEBE80 /* Assets.swift */ = {isa = PBXFileReference; fileEncoding = 4; lastKnownFileType = sourcecode.swift; path = Assets.swift; sourceTree = "<group>"; };
		56AB322FCC5D55C4419132EE /* Pods-TestTaskApp.debug-dev.xcconfig */ = {isa = PBXFileReference; includeInIndex = 1; lastKnownFileType = text.xcconfig; name = "Pods-TestTaskApp.debug-dev.xcconfig"; path = "Target Support Files/Pods-TestTaskApp/Pods-TestTaskApp.debug-dev.xcconfig"; sourceTree = "<group>"; };
		A167799FCA1BE63CB3AC62D9 /* Pods-TestTaskApp.debug-prod.xcconfig */ = {isa = PBXFileReference; includeInIndex = 1; lastKnownFileType = text.xcconfig; name = "Pods-TestTaskApp.debug-prod.xcconfig"; path = "Target Support Files/Pods-TestTaskApp/Pods-TestTaskApp.debug-prod.xcconfig"; sourceTree = "<group>"; };
		B6AB859E001C58E75B82AD6B /* Pods-TestTaskApp.release-prod.xcconfig */ = {isa = PBXFileReference; includeInIndex = 1; lastKnownFileType = text.xcconfig; name = "Pods-TestTaskApp.release-prod.xcconfig"; path = "Target Support Files/Pods-TestTaskApp/Pods-TestTaskApp.release-prod.xcconfig"; sourceTree = "<group>"; };
		D2CAFB7FEFBAAA212577FE86 /* Pods_TestTaskApp.framework */ = {isa = PBXFileReference; explicitFileType = wrapper.framework; includeInIndex = 0; path = Pods_TestTaskApp.framework; sourceTree = BUILT_PRODUCTS_DIR; };
/* End PBXFileReference section */

/* Begin PBXFrameworksBuildPhase section */
		1FB51FC9299BE8ED00457566 /* Frameworks */ = {
			isa = PBXFrameworksBuildPhase;
			buildActionMask = 2147483647;
			files = (
			);
			runOnlyForDeploymentPostprocessing = 0;
		};
		1FC74F45299A5E8500EEBE80 /* Frameworks */ = {
			isa = PBXFrameworksBuildPhase;
			buildActionMask = 2147483647;
			files = (
				A97BE28CCFD371E9D6048439 /* Pods_TestTaskApp.framework in Frameworks */,
			);
			runOnlyForDeploymentPostprocessing = 0;
		};
/* End PBXFrameworksBuildPhase section */

/* Begin PBXGroup section */
		1FB51FCD299BE8ED00457566 /* TestTaskAppTests */ = {
			isa = PBXGroup;
			children = (
				1FB51FDF299BF31300457566 /* ViewModels */,
				1FB51FDE299BF30A00457566 /* Services */,
				1FB51FE5299BF56100457566 /* Common */,
			);
			path = TestTaskAppTests;
			sourceTree = "<group>";
		};
		1FB51FD9299BEBA200457566 /* Spies */ = {
			isa = PBXGroup;
			children = (
				1FB51FEB299C094400457566 /* MoviesServiceSpy.swift */,
				1FB51FDA299BEC0400457566 /* RestMoviesServiceSpy.swift */,
				1FB51FDC299BEC6A00457566 /* CoreDataMoviesServiceSpy.swift */,
			);
			path = Spies;
			sourceTree = "<group>";
		};
		1FB51FDE299BF30A00457566 /* Services */ = {
			isa = PBXGroup;
			children = (
				1FB51FD7299BE93A00457566 /* MoviesServiceImplTests.swift */,
			);
			path = Services;
			sourceTree = "<group>";
		};
		1FB51FDF299BF31300457566 /* ViewModels */ = {
			isa = PBXGroup;
			children = (
				1FB51FE0299BF31C00457566 /* ListViewViewModelTests.swift */,
			);
			path = ViewModels;
			sourceTree = "<group>";
		};
		1FB51FE2299BF3EB00457566 /* Stubs */ = {
			isa = PBXGroup;
			children = (
				1FB51FE3299BF40000457566 /* MoviesServiceStub.swift */,
			);
			path = Stubs;
			sourceTree = "<group>";
		};
		1FB51FE5299BF56100457566 /* Common */ = {
			isa = PBXGroup;
			children = (
				1FB51FE2299BF3EB00457566 /* Stubs */,
				1FB51FD9299BEBA200457566 /* Spies */,
			);
			path = Common;
			sourceTree = "<group>";
		};
		1FC74F3F299A5E8500EEBE80 = {
			isa = PBXGroup;
			children = (
				1FC74F4A299A5E8500EEBE80 /* TestTaskApp */,
				1FB51FCD299BE8ED00457566 /* TestTaskAppTests */,
				1FC74F49299A5E8500EEBE80 /* Products */,
				46B46DC040BC53E3D8AA059E /* Pods */,
				FF353ABE6A0C005F459CECE7 /* Frameworks */,
			);
			sourceTree = "<group>";
		};
		1FC74F49299A5E8500EEBE80 /* Products */ = {
			isa = PBXGroup;
			children = (
				1FC74F48299A5E8500EEBE80 /* TestTaskApp.app */,
				1FB51FCC299BE8ED00457566 /* TestTaskAppTests.xctest */,
			);
			name = Products;
			sourceTree = "<group>";
		};
		1FC74F4A299A5E8500EEBE80 /* TestTaskApp */ = {
			isa = PBXGroup;
			children = (
				1FC74F97299A6D0800EEBE80 /* Main */,
				1FC74F98299A6D3500EEBE80 /* BaseUI */,
				1FC74FA4299A701400EEBE80 /* Root */,
				1FC74FA9299A707100EEBE80 /* Flow */,
				1FC74F81299A688A00EEBE80 /* Models */,
				1FC74F71299A67DE00EEBE80 /* Services */,
				1FC74F66299A620000EEBE80 /* Common */,
				1FC74F59299A615600EEBE80 /* Resource */,
			);
			path = TestTaskApp;
			sourceTree = "<group>";
		};
		1FC74F51299A5E8700EEBE80 /* Preview Content */ = {
			isa = PBXGroup;
			children = (
				1FC74F52299A5E8700EEBE80 /* Preview Assets.xcassets */,
			);
			path = "Preview Content";
			sourceTree = "<group>";
		};
		1FC74F59299A615600EEBE80 /* Resource */ = {
			isa = PBXGroup;
			children = (
				1FC74F69299A62CE00EEBE80 /* Info.plist */,
				1FC74F6A299A630B00EEBE80 /* Localization */,
				1FC74F62299A61E600EEBE80 /* DataBase */,
				1FC74F5F299A61B500EEBE80 /* Configs */,
				1FC74F5E299A61A800EEBE80 /* Assets */,
				1FC74FBD299A7F6500EEBE80 /* Swiftgen */,
				1FC74F51299A5E8700EEBE80 /* Preview Content */,
			);
			path = Resource;
			sourceTree = "<group>";
		};
		1FC74F5E299A61A800EEBE80 /* Assets */ = {
			isa = PBXGroup;
			children = (
				1FC74F4F299A5E8700EEBE80 /* Assets.xcassets */,
				1FC74F5A299A616A00EEBE80 /* Images.xcassets */,
				1FC74F5C299A617400EEBE80 /* Colors.xcassets */,
			);
			path = Assets;
			sourceTree = "<group>";
		};
		1FC74F5F299A61B500EEBE80 /* Configs */ = {
			isa = PBXGroup;
			children = (
				1FC74F60299A61C500EEBE80 /* ConfigDev.xcconfig */,
				1FC74F61299A61D900EEBE80 /* ConfigProd.xcconfig */,
			);
			path = Configs;
			sourceTree = "<group>";
		};
		1FC74F62299A61E600EEBE80 /* DataBase */ = {
			isa = PBXGroup;
			children = (
				1FC74F63299A61F800EEBE80 /* DataModel.xcdatamodeld */,
			);
			path = DataBase;
			sourceTree = "<group>";
		};
		1FC74F66299A620000EEBE80 /* Common */ = {
			isa = PBXGroup;
			children = (
				1FC74F67299A620800EEBE80 /* ConfigConstants.swift */,
				1FC74F9E299A6D9000EEBE80 /* DIContainer.swift */,
				1FC74FA0299A6D9A00EEBE80 /* ViewModel.swift */,
				1FB51FBE299AE29600457566 /* ConsoleLog.swift */,
			);
			path = Common;
			sourceTree = "<group>";
		};
		1FC74F6A299A630B00EEBE80 /* Localization */ = {
			isa = PBXGroup;
			children = (
				1FC74F6F299A632900EEBE80 /* Localizable.strings */,
			);
			path = Localization;
			sourceTree = "<group>";
		};
		1FC74F71299A67DE00EEBE80 /* Services */ = {
			isa = PBXGroup;
			children = (
				1FC74F76299A680100EEBE80 /* Storage */,
				1FC74F77299A680E00EEBE80 /* MoviesService */,
				1FC74F7C299A684F00EEBE80 /* Rest */,
				1FC74F84299A689F00EEBE80 /* DataBase */,
				1FC74FA2299A6ED700EEBE80 /* NavigationService.swift */,
				1FB51FE9299C078200457566 /* ImageCacheManager.swift */,
			);
			path = Services;
			sourceTree = "<group>";
		};
		1FC74F76299A680100EEBE80 /* Storage */ = {
			isa = PBXGroup;
			children = (
				1FC74F72299A67E600EEBE80 /* Storage.swift */,
				1FB51FC6299AE8F100457566 /* StoragePreview.swift */,
				1FC74F74299A67F700EEBE80 /* StorageCore.swift */,
			);
			path = Storage;
			sourceTree = "<group>";
		};
		1FC74F77299A680E00EEBE80 /* MoviesService */ = {
			isa = PBXGroup;
			children = (
				1FC74F78299A681700EEBE80 /* MoviesService.swift */,
				1FC74F7A299A682300EEBE80 /* MoviesServiceImpl.swift */,
			);
			path = MoviesService;
			sourceTree = "<group>";
		};
		1FC74F7C299A684F00EEBE80 /* Rest */ = {
			isa = PBXGroup;
			children = (
				1FC74F7D299A686400EEBE80 /* RestCore.swift */,
				1FC74F7F299A687400EEBE80 /* RestMoviesService.swift */,
				1FB51FC2299AE79500457566 /* RestMoviesServicePreview.swift */,
			);
			path = Rest;
			sourceTree = "<group>";
		};
		1FC74F81299A688A00EEBE80 /* Models */ = {
			isa = PBXGroup;
			children = (
				1FC74F8D299A68F200EEBE80 /* Movie.swift */,
				1FC74F8F299A690000EEBE80 /* MovieObject.swift */,
				1FC74F92299A692500EEBE80 /* Adapter */,
				1FC74F91299A691100EEBE80 /* Results */,
			);
			path = Models;
			sourceTree = "<group>";
		};
		1FC74F84299A689F00EEBE80 /* DataBase */ = {
			isa = PBXGroup;
			children = (
				1FC74F85299A68AF00EEBE80 /* CoreDataManager.swift */,
				1FC74F87299A68BC00EEBE80 /* CoreDataMoviesService.swift */,
				1FB51FC4299AE81A00457566 /* CoreDataMoviesServicePreview.swift */,
			);
			path = DataBase;
			sourceTree = "<group>";
		};
		1FC74F91299A691100EEBE80 /* Results */ = {
			isa = PBXGroup;
			children = (
				1FC74F89299A68D200EEBE80 /* Results.swift */,
				1FC74F82299A689000EEBE80 /* ResponseMovies.swift */,
				1FC74F8B299A68DC00EEBE80 /* ResponseError.swift */,
			);
			path = Results;
			sourceTree = "<group>";
		};
		1FC74F92299A692500EEBE80 /* Adapter */ = {
			isa = PBXGroup;
			children = (
				1FC74F93299A692D00EEBE80 /* MovieAdapter.swift */,
				1FC74F95299A693A00EEBE80 /* MovieObjectAdapter.swift */,
			);
			path = Adapter;
			sourceTree = "<group>";
		};
		1FC74F97299A6D0800EEBE80 /* Main */ = {
			isa = PBXGroup;
			children = (
				1FC74F4B299A5E8500EEBE80 /* TestTaskAppApp.swift */,
			);
			path = Main;
			sourceTree = "<group>";
		};
		1FC74F98299A6D3500EEBE80 /* BaseUI */ = {
			isa = PBXGroup;
			children = (
				1FB51FE7299C03CD00457566 /* RemoteImage.swift */,
				1FC74F99299A6D4600EEBE80 /* UIKitControllers */,
			);
			path = BaseUI;
			sourceTree = "<group>";
		};
		1FC74F99299A6D4600EEBE80 /* UIKitControllers */ = {
			isa = PBXGroup;
			children = (
				1FC74F9A299A6D5100EEBE80 /* HostingController.swift */,
				1FC74F9C299A6D6900EEBE80 /* NavigationUIController.swift */,
			);
			path = UIKitControllers;
			sourceTree = "<group>";
		};
		1FC74FA4299A701400EEBE80 /* Root */ = {
			isa = PBXGroup;
			children = (
				1FC74FA5299A702700EEBE80 /* RootView.swift */,
				1FC74FA7299A703B00EEBE80 /* RootView+ViewModel.swift */,
			);
			path = Root;
			sourceTree = "<group>";
		};
		1FC74FA9299A707100EEBE80 /* Flow */ = {
			isa = PBXGroup;
			children = (
				1FC74FAA299A707B00EEBE80 /* List */,
				1FC74FB1299A718300EEBE80 /* Details */,
			);
			path = Flow;
			sourceTree = "<group>";
		};
		1FC74FAA299A707B00EEBE80 /* List */ = {
			isa = PBXGroup;
			children = (
				1FC74FAD299A708500EEBE80 /* ListView.swift */,
				1FC74FAC299A708500EEBE80 /* ListView+ViewModel.swift */,
				1FC74FAB299A708500EEBE80 /* ListView+Router.swift */,
				1FB51FBA299ADE4200457566 /* ListView+Assembly.swift */,
				1FC74FB8299A721100EEBE80 /* Rows */,
			);
			path = List;
			sourceTree = "<group>";
		};
		1FC74FB1299A718300EEBE80 /* Details */ = {
			isa = PBXGroup;
			children = (
				1FC74FB4299A71B800EEBE80 /* DetailsView.swift */,
				1FC74FB3299A71B800EEBE80 /* DetailsView+ViewModel.swift */,
				1FC74FB2299A71B800EEBE80 /* DetailsView+Router.swift */,
				1FB51FBC299ADEBD00457566 /* DetailsView+Assembly.swift */,
			);
			path = Details;
			sourceTree = "<group>";
		};
		1FC74FB8299A721100EEBE80 /* Rows */ = {
			isa = PBXGroup;
			children = (
				1FC74FB9299A722500EEBE80 /* MovieRow.swift */,
			);
			path = Rows;
			sourceTree = "<group>";
		};
		1FC74FBD299A7F6500EEBE80 /* Swiftgen */ = {
			isa = PBXGroup;
			children = (
				1FC74FBE299A7F6500EEBE80 /* Strings.swift */,
				1FC74FBF299A7F6500EEBE80 /* Assets.swift */,
			);
			path = Swiftgen;
			sourceTree = "<group>";
		};
		46B46DC040BC53E3D8AA059E /* Pods */ = {
			isa = PBXGroup;
			children = (
				A167799FCA1BE63CB3AC62D9 /* Pods-TestTaskApp.debug-prod.xcconfig */,
				56AB322FCC5D55C4419132EE /* Pods-TestTaskApp.debug-dev.xcconfig */,
				B6AB859E001C58E75B82AD6B /* Pods-TestTaskApp.release-prod.xcconfig */,
				045A650AFB88E902D9CB8181 /* Pods-TestTaskApp.release-dev.xcconfig */,
			);
			path = Pods;
			sourceTree = "<group>";
		};
		FF353ABE6A0C005F459CECE7 /* Frameworks */ = {
			isa = PBXGroup;
			children = (
				D2CAFB7FEFBAAA212577FE86 /* Pods_TestTaskApp.framework */,
			);
			name = Frameworks;
			sourceTree = "<group>";
		};
/* End PBXGroup section */

/* Begin PBXNativeTarget section */
		1FB51FCB299BE8ED00457566 /* TestTaskAppTests */ = {
			isa = PBXNativeTarget;
			buildConfigurationList = 1FB51FD6299BE8ED00457566 /* Build configuration list for PBXNativeTarget "TestTaskAppTests" */;
			buildPhases = (
				1FB51FC8299BE8ED00457566 /* Sources */,
				1FB51FC9299BE8ED00457566 /* Frameworks */,
				1FB51FCA299BE8ED00457566 /* Resources */,
			);
			buildRules = (
			);
			dependencies = (
				1FB51FD1299BE8ED00457566 /* PBXTargetDependency */,
			);
			name = TestTaskAppTests;
			productName = TestTaskAppTests;
			productReference = 1FB51FCC299BE8ED00457566 /* TestTaskAppTests.xctest */;
			productType = "com.apple.product-type.bundle.unit-test";
		};
		1FC74F47299A5E8500EEBE80 /* TestTaskApp */ = {
			isa = PBXNativeTarget;
			buildConfigurationList = 1FC74F56299A5E8700EEBE80 /* Build configuration list for PBXNativeTarget "TestTaskApp" */;
			buildPhases = (
				A37C0EC4EC5831A39DD5A2BC /* [CP] Check Pods Manifest.lock */,
				1FC74FBB299A7DE800EEBE80 /* SwiftGen */,
				1FC74FBC299A7DFE00EEBE80 /* SwiftLint */,
				1FC74F44299A5E8500EEBE80 /* Sources */,
				1FC74F45299A5E8500EEBE80 /* Frameworks */,
				1FC74F46299A5E8500EEBE80 /* Resources */,
			);
			buildRules = (
			);
			dependencies = (
			);
			name = TestTaskApp;
			productName = TestTaskApp;
			productReference = 1FC74F48299A5E8500EEBE80 /* TestTaskApp.app */;
			productType = "com.apple.product-type.application";
		};
/* End PBXNativeTarget section */

/* Begin PBXProject section */
		1FC74F40299A5E8500EEBE80 /* Project object */ = {
			isa = PBXProject;
			attributes = {
				BuildIndependentTargetsInParallel = 1;
				LastSwiftUpdateCheck = 1420;
				LastUpgradeCheck = 1420;
				TargetAttributes = {
					1FB51FCB299BE8ED00457566 = {
						CreatedOnToolsVersion = 14.2;
						TestTargetID = 1FC74F47299A5E8500EEBE80;
					};
					1FC74F47299A5E8500EEBE80 = {
						CreatedOnToolsVersion = 14.2;
					};
				};
			};
			buildConfigurationList = 1FC74F43299A5E8500EEBE80 /* Build configuration list for PBXProject "TestTaskApp" */;
			compatibilityVersion = "Xcode 14.0";
			developmentRegion = en;
			hasScannedForEncodings = 0;
			knownRegions = (
				en,
				Base,
				uk,
			);
			mainGroup = 1FC74F3F299A5E8500EEBE80;
			productRefGroup = 1FC74F49299A5E8500EEBE80 /* Products */;
			projectDirPath = "";
			projectRoot = "";
			targets = (
				1FC74F47299A5E8500EEBE80 /* TestTaskApp */,
				1FB51FCB299BE8ED00457566 /* TestTaskAppTests */,
			);
		};
/* End PBXProject section */

/* Begin PBXResourcesBuildPhase section */
		1FB51FCA299BE8ED00457566 /* Resources */ = {
			isa = PBXResourcesBuildPhase;
			buildActionMask = 2147483647;
			files = (
			);
			runOnlyForDeploymentPostprocessing = 0;
		};
		1FC74F46299A5E8500EEBE80 /* Resources */ = {
			isa = PBXResourcesBuildPhase;
			buildActionMask = 2147483647;
			files = (
				1FC74F6D299A632900EEBE80 /* Localizable.strings in Resources */,
				1FC74F5B299A616A00EEBE80 /* Images.xcassets in Resources */,
				1FC74F5D299A617400EEBE80 /* Colors.xcassets in Resources */,
				1FC74F53299A5E8700EEBE80 /* Preview Assets.xcassets in Resources */,
				1FC74F50299A5E8700EEBE80 /* Assets.xcassets in Resources */,
			);
			runOnlyForDeploymentPostprocessing = 0;
		};
/* End PBXResourcesBuildPhase section */

/* Begin PBXShellScriptBuildPhase section */
		1FC74FBB299A7DE800EEBE80 /* SwiftGen */ = {
			isa = PBXShellScriptBuildPhase;
			alwaysOutOfDate = 1;
			buildActionMask = 2147483647;
			files = (
			);
			inputFileListPaths = (
			);
			inputPaths = (
			);
			name = SwiftGen;
			outputFileListPaths = (
			);
			outputPaths = (
			);
			runOnlyForDeploymentPostprocessing = 0;
			shellPath = /bin/sh;
			shellScript = "$SRCROOT/scripts/run-swiftgen.sh\n";
		};
		1FC74FBC299A7DFE00EEBE80 /* SwiftLint */ = {
			isa = PBXShellScriptBuildPhase;
			alwaysOutOfDate = 1;
			buildActionMask = 2147483647;
			files = (
			);
			inputFileListPaths = (
			);
			inputPaths = (
			);
			name = SwiftLint;
			outputFileListPaths = (
			);
			outputPaths = (
			);
			runOnlyForDeploymentPostprocessing = 0;
			shellPath = /bin/sh;
			shellScript = "$SRCROOT/scripts/run-swiftlint.sh\n";
		};
		A37C0EC4EC5831A39DD5A2BC /* [CP] Check Pods Manifest.lock */ = {
			isa = PBXShellScriptBuildPhase;
			buildActionMask = 2147483647;
			files = (
			);
			inputFileListPaths = (
			);
			inputPaths = (
				"${PODS_PODFILE_DIR_PATH}/Podfile.lock",
				"${PODS_ROOT}/Manifest.lock",
			);
			name = "[CP] Check Pods Manifest.lock";
			outputFileListPaths = (
			);
			outputPaths = (
				"$(DERIVED_FILE_DIR)/Pods-TestTaskApp-checkManifestLockResult.txt",
			);
			runOnlyForDeploymentPostprocessing = 0;
			shellPath = /bin/sh;
			shellScript = "diff \"${PODS_PODFILE_DIR_PATH}/Podfile.lock\" \"${PODS_ROOT}/Manifest.lock\" > /dev/null\nif [ $? != 0 ] ; then\n    # print error to STDERR\n    echo \"error: The sandbox is not in sync with the Podfile.lock. Run 'pod install' or update your CocoaPods installation.\" >&2\n    exit 1\nfi\n# This output is used by Xcode 'outputs' to avoid re-running this script phase.\necho \"SUCCESS\" > \"${SCRIPT_OUTPUT_FILE_0}\"\n";
			showEnvVarsInLog = 0;
		};
/* End PBXShellScriptBuildPhase section */

/* Begin PBXSourcesBuildPhase section */
		1FB51FC8299BE8ED00457566 /* Sources */ = {
			isa = PBXSourcesBuildPhase;
			buildActionMask = 2147483647;
			files = (
				1FB51FDD299BEC6A00457566 /* CoreDataMoviesServiceSpy.swift in Sources */,
				1FB51FE1299BF31C00457566 /* ListViewViewModelTests.swift in Sources */,
				1FB51FDB299BEC0400457566 /* RestMoviesServiceSpy.swift in Sources */,
				1FB51FEC299C094400457566 /* MoviesServiceSpy.swift in Sources */,
				1FB51FD8299BE93A00457566 /* MoviesServiceImplTests.swift in Sources */,
				1FB51FE4299BF40000457566 /* MoviesServiceStub.swift in Sources */,
			);
			runOnlyForDeploymentPostprocessing = 0;
		};
		1FC74F44299A5E8500EEBE80 /* Sources */ = {
			isa = PBXSourcesBuildPhase;
			buildActionMask = 2147483647;
			files = (
				1FC74F96299A693A00EEBE80 /* MovieObjectAdapter.swift in Sources */,
				1FC74FC0299A7F6500EEBE80 /* Strings.swift in Sources */,
				1FC74FAF299A708500EEBE80 /* ListView+ViewModel.swift in Sources */,
				1FC74F7B299A682400EEBE80 /* MoviesServiceImpl.swift in Sources */,
				1FC74F65299A61F800EEBE80 /* DataModel.xcdatamodeld in Sources */,
				1FC74F88299A68BC00EEBE80 /* CoreDataMoviesService.swift in Sources */,
				1FC74FC1299A7F6500EEBE80 /* Assets.swift in Sources */,
				1FC74F8C299A68DC00EEBE80 /* ResponseError.swift in Sources */,
				1FB51FEA299C078200457566 /* ImageCacheManager.swift in Sources */,
				1FC74FA1299A6D9A00EEBE80 /* ViewModel.swift in Sources */,
				1FC74F7E299A686400EEBE80 /* RestCore.swift in Sources */,
				1FB51FC7299AE8F100457566 /* StoragePreview.swift in Sources */,
				1FC74F8E299A68F200EEBE80 /* Movie.swift in Sources */,
				1FC74FA8299A703B00EEBE80 /* RootView+ViewModel.swift in Sources */,
				1FC74F9D299A6D6900EEBE80 /* NavigationUIController.swift in Sources */,
				1FC74FAE299A708500EEBE80 /* ListView+Router.swift in Sources */,
				1FC74FB7299A71B800EEBE80 /* DetailsView.swift in Sources */,
				1FC74F80299A687400EEBE80 /* RestMoviesService.swift in Sources */,
				1FC74F75299A67F700EEBE80 /* StorageCore.swift in Sources */,
				1FC74FBA299A722500EEBE80 /* MovieRow.swift in Sources */,
				1FC74F9B299A6D5100EEBE80 /* HostingController.swift in Sources */,
				1FC74F9F299A6D9000EEBE80 /* DIContainer.swift in Sources */,
				1FB51FC3299AE79500457566 /* RestMoviesServicePreview.swift in Sources */,
				1FB51FBD299ADEBD00457566 /* DetailsView+Assembly.swift in Sources */,
				1FB51FC5299AE81A00457566 /* CoreDataMoviesServicePreview.swift in Sources */,
				1FC74F86299A68AF00EEBE80 /* CoreDataManager.swift in Sources */,
				1FC74F94299A692D00EEBE80 /* MovieAdapter.swift in Sources */,
				1FB51FBB299ADE4200457566 /* ListView+Assembly.swift in Sources */,
				1FB51FE8299C03CD00457566 /* RemoteImage.swift in Sources */,
				1FC74FB6299A71B800EEBE80 /* DetailsView+ViewModel.swift in Sources */,
				1FC74F4C299A5E8500EEBE80 /* TestTaskAppApp.swift in Sources */,
				1FC74F79299A681700EEBE80 /* MoviesService.swift in Sources */,
				1FC74F8A299A68D200EEBE80 /* Results.swift in Sources */,
				1FB51FBF299AE29600457566 /* ConsoleLog.swift in Sources */,
				1FC74FA3299A6ED700EEBE80 /* NavigationService.swift in Sources */,
				1FC74F68299A620800EEBE80 /* ConfigConstants.swift in Sources */,
				1FC74F83299A689000EEBE80 /* ResponseMovies.swift in Sources */,
				1FC74FB0299A708500EEBE80 /* ListView.swift in Sources */,
				1FC74F73299A67E600EEBE80 /* Storage.swift in Sources */,
				1FC74F90299A690000EEBE80 /* MovieObject.swift in Sources */,
				1FC74FB5299A71B800EEBE80 /* DetailsView+Router.swift in Sources */,
				1FC74FA6299A702700EEBE80 /* RootView.swift in Sources */,
			);
			runOnlyForDeploymentPostprocessing = 0;
		};
/* End PBXSourcesBuildPhase section */

/* Begin PBXTargetDependency section */
		1FB51FD1299BE8ED00457566 /* PBXTargetDependency */ = {
			isa = PBXTargetDependency;
			target = 1FC74F47299A5E8500EEBE80 /* TestTaskApp */;
			targetProxy = 1FB51FD0299BE8ED00457566 /* PBXContainerItemProxy */;
		};
/* End PBXTargetDependency section */

/* Begin PBXVariantGroup section */
		1FC74F6F299A632900EEBE80 /* Localizable.strings */ = {
			isa = PBXVariantGroup;
			children = (
				1FC74F6E299A632900EEBE80 /* en */,
				1FC74F70299A634200EEBE80 /* uk */,
			);
			name = Localizable.strings;
			sourceTree = "<group>";
		};
/* End PBXVariantGroup section */

/* Begin XCBuildConfiguration section */
		1FB51FB2299A955E00457566 /* Debug-dev */ = {
			isa = XCBuildConfiguration;
			baseConfigurationReference = 1FC74F60299A61C500EEBE80 /* ConfigDev.xcconfig */;
			buildSettings = {
				ALWAYS_SEARCH_USER_PATHS = NO;
				CLANG_ANALYZER_LOCALIZABILITY_NONLOCALIZED = YES;
				CLANG_ANALYZER_NONNULL = YES;
				CLANG_ANALYZER_NUMBER_OBJECT_CONVERSION = YES_AGGRESSIVE;
				CLANG_CXX_LANGUAGE_STANDARD = "gnu++20";
				CLANG_ENABLE_MODULES = YES;
				CLANG_ENABLE_OBJC_ARC = YES;
				CLANG_ENABLE_OBJC_WEAK = YES;
				CLANG_WARN_BLOCK_CAPTURE_AUTORELEASING = YES;
				CLANG_WARN_BOOL_CONVERSION = YES;
				CLANG_WARN_COMMA = YES;
				CLANG_WARN_CONSTANT_CONVERSION = YES;
				CLANG_WARN_DEPRECATED_OBJC_IMPLEMENTATIONS = YES;
				CLANG_WARN_DIRECT_OBJC_ISA_USAGE = YES_ERROR;
				CLANG_WARN_DOCUMENTATION_COMMENTS = YES;
				CLANG_WARN_EMPTY_BODY = YES;
				CLANG_WARN_ENUM_CONVERSION = YES;
				CLANG_WARN_INFINITE_RECURSION = YES;
				CLANG_WARN_INT_CONVERSION = YES;
				CLANG_WARN_NON_LITERAL_NULL_CONVERSION = YES;
				CLANG_WARN_OBJC_IMPLICIT_RETAIN_SELF = YES;
				CLANG_WARN_OBJC_LITERAL_CONVERSION = YES;
				CLANG_WARN_OBJC_ROOT_CLASS = YES_ERROR;
				CLANG_WARN_QUOTED_INCLUDE_IN_FRAMEWORK_HEADER = YES;
				CLANG_WARN_RANGE_LOOP_ANALYSIS = YES;
				CLANG_WARN_STRICT_PROTOTYPES = YES;
				CLANG_WARN_SUSPICIOUS_MOVE = YES;
				CLANG_WARN_UNGUARDED_AVAILABILITY = YES_AGGRESSIVE;
				CLANG_WARN_UNREACHABLE_CODE = YES;
				CLANG_WARN__DUPLICATE_METHOD_MATCH = YES;
				COPY_PHASE_STRIP = NO;
				DEBUG_INFORMATION_FORMAT = dwarf;
				ENABLE_STRICT_OBJC_MSGSEND = YES;
				ENABLE_TESTABILITY = YES;
				GCC_C_LANGUAGE_STANDARD = gnu11;
				GCC_DYNAMIC_NO_PIC = NO;
				GCC_NO_COMMON_BLOCKS = YES;
				GCC_OPTIMIZATION_LEVEL = 0;
				GCC_PREPROCESSOR_DEFINITIONS = (
					"DEBUG=1",
					"$(inherited)",
				);
				GCC_WARN_64_TO_32_BIT_CONVERSION = YES;
				GCC_WARN_ABOUT_RETURN_TYPE = YES_ERROR;
				GCC_WARN_UNDECLARED_SELECTOR = YES;
				GCC_WARN_UNINITIALIZED_AUTOS = YES_AGGRESSIVE;
				GCC_WARN_UNUSED_FUNCTION = YES;
				GCC_WARN_UNUSED_VARIABLE = YES;
				IPHONEOS_DEPLOYMENT_TARGET = 16.2;
				MTL_ENABLE_DEBUG_INFO = INCLUDE_SOURCE;
				MTL_FAST_MATH = YES;
				ONLY_ACTIVE_ARCH = YES;
				SDKROOT = iphoneos;
				SWIFT_ACTIVE_COMPILATION_CONDITIONS = DEBUG;
				SWIFT_OPTIMIZATION_LEVEL = "-Onone";
			};
			name = "Debug-dev";
		};
		1FB51FB3299A955E00457566 /* Debug-dev */ = {
			isa = XCBuildConfiguration;
			baseConfigurationReference = 56AB322FCC5D55C4419132EE /* Pods-TestTaskApp.debug-dev.xcconfig */;
			buildSettings = {
				ASSETCATALOG_COMPILER_APPICON_NAME = AppIcon;
				ASSETCATALOG_COMPILER_GLOBAL_ACCENT_COLOR_NAME = AccentColor;
				"CODE_SIGN_IDENTITY[sdk=iphoneos*]" = "iPhone Developer";
				CODE_SIGN_STYLE = Manual;
				CURRENT_PROJECT_VERSION = 1;
				DEVELOPMENT_ASSET_PATHS = "\"TestTaskApp/Resource/Preview Content\"";
				DEVELOPMENT_TEAM = "";
				"DEVELOPMENT_TEAM[sdk=iphoneos*]" = NJ2VN69GA8;
				ENABLE_PREVIEWS = YES;
				GENERATE_INFOPLIST_FILE = YES;
				INFOPLIST_FILE = TestTaskApp/Resource/Info.plist;
				INFOPLIST_KEY_LSApplicationCategoryType = "public.app-category.video";
				INFOPLIST_KEY_UIApplicationSupportsIndirectInputEvents = YES;
				INFOPLIST_KEY_UILaunchScreen_Generation = YES;
				INFOPLIST_KEY_UISupportedInterfaceOrientations = UIInterfaceOrientationPortrait;
				INFOPLIST_KEY_UISupportedInterfaceOrientations_iPad = "UIInterfaceOrientationLandscapeLeft UIInterfaceOrientationLandscapeRight UIInterfaceOrientationPortrait UIInterfaceOrientationPortraitUpsideDown";
				IPHONEOS_DEPLOYMENT_TARGET = 15.0;
				LD_RUNPATH_SEARCH_PATHS = (
					"$(inherited)",
					"@executable_path/Frameworks",
				);
				MARKETING_VERSION = 1.0;
				PRODUCT_BUNDLE_IDENTIFIER = zav.TestTaskApp;
				PRODUCT_NAME = "$(TARGET_NAME)";
				PROVISIONING_PROFILE_SPECIFIER = "";
				"PROVISIONING_PROFILE_SPECIFIER[sdk=iphoneos*]" = "Dev - TestTaskApp";
				SUPPORTED_PLATFORMS = "iphoneos iphonesimulator";
				SUPPORTS_MACCATALYST = NO;
				SUPPORTS_MAC_DESIGNED_FOR_IPHONE_IPAD = YES;
				SWIFT_EMIT_LOC_STRINGS = YES;
				SWIFT_VERSION = 5.0;
				TARGETED_DEVICE_FAMILY = 1;
			};
			name = "Debug-dev";
		};
		1FB51FB4299A956900457566 /* Release-prod */ = {
			isa = XCBuildConfiguration;
			baseConfigurationReference = 1FC74F61299A61D900EEBE80 /* ConfigProd.xcconfig */;
			buildSettings = {
				ALWAYS_SEARCH_USER_PATHS = NO;
				CLANG_ANALYZER_LOCALIZABILITY_NONLOCALIZED = YES;
				CLANG_ANALYZER_NONNULL = YES;
				CLANG_ANALYZER_NUMBER_OBJECT_CONVERSION = YES_AGGRESSIVE;
				CLANG_CXX_LANGUAGE_STANDARD = "gnu++20";
				CLANG_ENABLE_MODULES = YES;
				CLANG_ENABLE_OBJC_ARC = YES;
				CLANG_ENABLE_OBJC_WEAK = YES;
				CLANG_WARN_BLOCK_CAPTURE_AUTORELEASING = YES;
				CLANG_WARN_BOOL_CONVERSION = YES;
				CLANG_WARN_COMMA = YES;
				CLANG_WARN_CONSTANT_CONVERSION = YES;
				CLANG_WARN_DEPRECATED_OBJC_IMPLEMENTATIONS = YES;
				CLANG_WARN_DIRECT_OBJC_ISA_USAGE = YES_ERROR;
				CLANG_WARN_DOCUMENTATION_COMMENTS = YES;
				CLANG_WARN_EMPTY_BODY = YES;
				CLANG_WARN_ENUM_CONVERSION = YES;
				CLANG_WARN_INFINITE_RECURSION = YES;
				CLANG_WARN_INT_CONVERSION = YES;
				CLANG_WARN_NON_LITERAL_NULL_CONVERSION = YES;
				CLANG_WARN_OBJC_IMPLICIT_RETAIN_SELF = YES;
				CLANG_WARN_OBJC_LITERAL_CONVERSION = YES;
				CLANG_WARN_OBJC_ROOT_CLASS = YES_ERROR;
				CLANG_WARN_QUOTED_INCLUDE_IN_FRAMEWORK_HEADER = YES;
				CLANG_WARN_RANGE_LOOP_ANALYSIS = YES;
				CLANG_WARN_STRICT_PROTOTYPES = YES;
				CLANG_WARN_SUSPICIOUS_MOVE = YES;
				CLANG_WARN_UNGUARDED_AVAILABILITY = YES_AGGRESSIVE;
				CLANG_WARN_UNREACHABLE_CODE = YES;
				CLANG_WARN__DUPLICATE_METHOD_MATCH = YES;
				COPY_PHASE_STRIP = NO;
				DEBUG_INFORMATION_FORMAT = "dwarf-with-dsym";
				ENABLE_NS_ASSERTIONS = NO;
				ENABLE_STRICT_OBJC_MSGSEND = YES;
				GCC_C_LANGUAGE_STANDARD = gnu11;
				GCC_NO_COMMON_BLOCKS = YES;
				GCC_WARN_64_TO_32_BIT_CONVERSION = YES;
				GCC_WARN_ABOUT_RETURN_TYPE = YES_ERROR;
				GCC_WARN_UNDECLARED_SELECTOR = YES;
				GCC_WARN_UNINITIALIZED_AUTOS = YES_AGGRESSIVE;
				GCC_WARN_UNUSED_FUNCTION = YES;
				GCC_WARN_UNUSED_VARIABLE = YES;
				IPHONEOS_DEPLOYMENT_TARGET = 16.2;
				MTL_ENABLE_DEBUG_INFO = NO;
				MTL_FAST_MATH = YES;
				SDKROOT = iphoneos;
				SWIFT_COMPILATION_MODE = wholemodule;
				SWIFT_OPTIMIZATION_LEVEL = "-O";
				VALIDATE_PRODUCT = YES;
			};
			name = "Release-prod";
		};
		1FB51FB5299A956900457566 /* Release-prod */ = {
			isa = XCBuildConfiguration;
			baseConfigurationReference = B6AB859E001C58E75B82AD6B /* Pods-TestTaskApp.release-prod.xcconfig */;
			buildSettings = {
				ASSETCATALOG_COMPILER_APPICON_NAME = AppIcon;
				ASSETCATALOG_COMPILER_GLOBAL_ACCENT_COLOR_NAME = AccentColor;
				"CODE_SIGN_IDENTITY[sdk=iphoneos*]" = "iPhone Distribution";
				CODE_SIGN_STYLE = Manual;
				CURRENT_PROJECT_VERSION = 1;
				DEVELOPMENT_ASSET_PATHS = "\"TestTaskApp/Resource/Preview Content\"";
				DEVELOPMENT_TEAM = "";
				"DEVELOPMENT_TEAM[sdk=iphoneos*]" = NJ2VN69GA8;
				ENABLE_PREVIEWS = YES;
				GENERATE_INFOPLIST_FILE = YES;
				INFOPLIST_FILE = TestTaskApp/Resource/Info.plist;
				INFOPLIST_KEY_LSApplicationCategoryType = "public.app-category.video";
				INFOPLIST_KEY_UIApplicationSupportsIndirectInputEvents = YES;
				INFOPLIST_KEY_UILaunchScreen_Generation = YES;
				INFOPLIST_KEY_UISupportedInterfaceOrientations = UIInterfaceOrientationPortrait;
				INFOPLIST_KEY_UISupportedInterfaceOrientations_iPad = "UIInterfaceOrientationLandscapeLeft UIInterfaceOrientationLandscapeRight UIInterfaceOrientationPortrait UIInterfaceOrientationPortraitUpsideDown";
				IPHONEOS_DEPLOYMENT_TARGET = 15.0;
				LD_RUNPATH_SEARCH_PATHS = (
					"$(inherited)",
					"@executable_path/Frameworks",
				);
				MARKETING_VERSION = 1.0;
				PRODUCT_BUNDLE_IDENTIFIER = zav.TestTaskApp;
				PRODUCT_NAME = "$(TARGET_NAME)";
				PROVISIONING_PROFILE_SPECIFIER = "";
				"PROVISIONING_PROFILE_SPECIFIER[sdk=iphoneos*]" = "Prod - TestTaskApp";
				SUPPORTED_PLATFORMS = "iphoneos iphonesimulator";
				SUPPORTS_MACCATALYST = NO;
				SUPPORTS_MAC_DESIGNED_FOR_IPHONE_IPAD = YES;
				SWIFT_EMIT_LOC_STRINGS = YES;
				SWIFT_VERSION = 5.0;
				TARGETED_DEVICE_FAMILY = 1;
			};
			name = "Release-prod";
		};
		1FB51FB6299A957A00457566 /* Release-dev */ = {
			isa = XCBuildConfiguration;
			baseConfigurationReference = 1FC74F60299A61C500EEBE80 /* ConfigDev.xcconfig */;
			buildSettings = {
				ALWAYS_SEARCH_USER_PATHS = NO;
				CLANG_ANALYZER_LOCALIZABILITY_NONLOCALIZED = YES;
				CLANG_ANALYZER_NONNULL = YES;
				CLANG_ANALYZER_NUMBER_OBJECT_CONVERSION = YES_AGGRESSIVE;
				CLANG_CXX_LANGUAGE_STANDARD = "gnu++20";
				CLANG_ENABLE_MODULES = YES;
				CLANG_ENABLE_OBJC_ARC = YES;
				CLANG_ENABLE_OBJC_WEAK = YES;
				CLANG_WARN_BLOCK_CAPTURE_AUTORELEASING = YES;
				CLANG_WARN_BOOL_CONVERSION = YES;
				CLANG_WARN_COMMA = YES;
				CLANG_WARN_CONSTANT_CONVERSION = YES;
				CLANG_WARN_DEPRECATED_OBJC_IMPLEMENTATIONS = YES;
				CLANG_WARN_DIRECT_OBJC_ISA_USAGE = YES_ERROR;
				CLANG_WARN_DOCUMENTATION_COMMENTS = YES;
				CLANG_WARN_EMPTY_BODY = YES;
				CLANG_WARN_ENUM_CONVERSION = YES;
				CLANG_WARN_INFINITE_RECURSION = YES;
				CLANG_WARN_INT_CONVERSION = YES;
				CLANG_WARN_NON_LITERAL_NULL_CONVERSION = YES;
				CLANG_WARN_OBJC_IMPLICIT_RETAIN_SELF = YES;
				CLANG_WARN_OBJC_LITERAL_CONVERSION = YES;
				CLANG_WARN_OBJC_ROOT_CLASS = YES_ERROR;
				CLANG_WARN_QUOTED_INCLUDE_IN_FRAMEWORK_HEADER = YES;
				CLANG_WARN_RANGE_LOOP_ANALYSIS = YES;
				CLANG_WARN_STRICT_PROTOTYPES = YES;
				CLANG_WARN_SUSPICIOUS_MOVE = YES;
				CLANG_WARN_UNGUARDED_AVAILABILITY = YES_AGGRESSIVE;
				CLANG_WARN_UNREACHABLE_CODE = YES;
				CLANG_WARN__DUPLICATE_METHOD_MATCH = YES;
				COPY_PHASE_STRIP = NO;
				DEBUG_INFORMATION_FORMAT = "dwarf-with-dsym";
				ENABLE_NS_ASSERTIONS = NO;
				ENABLE_STRICT_OBJC_MSGSEND = YES;
				GCC_C_LANGUAGE_STANDARD = gnu11;
				GCC_NO_COMMON_BLOCKS = YES;
				GCC_WARN_64_TO_32_BIT_CONVERSION = YES;
				GCC_WARN_ABOUT_RETURN_TYPE = YES_ERROR;
				GCC_WARN_UNDECLARED_SELECTOR = YES;
				GCC_WARN_UNINITIALIZED_AUTOS = YES_AGGRESSIVE;
				GCC_WARN_UNUSED_FUNCTION = YES;
				GCC_WARN_UNUSED_VARIABLE = YES;
				IPHONEOS_DEPLOYMENT_TARGET = 16.2;
				MTL_ENABLE_DEBUG_INFO = NO;
				MTL_FAST_MATH = YES;
				SDKROOT = iphoneos;
				SWIFT_COMPILATION_MODE = wholemodule;
				SWIFT_OPTIMIZATION_LEVEL = "-O";
				VALIDATE_PRODUCT = YES;
			};
			name = "Release-dev";
		};
		1FB51FB7299A957A00457566 /* Release-dev */ = {
			isa = XCBuildConfiguration;
			baseConfigurationReference = 045A650AFB88E902D9CB8181 /* Pods-TestTaskApp.release-dev.xcconfig */;
			buildSettings = {
				ASSETCATALOG_COMPILER_APPICON_NAME = AppIcon;
				ASSETCATALOG_COMPILER_GLOBAL_ACCENT_COLOR_NAME = AccentColor;
				"CODE_SIGN_IDENTITY[sdk=iphoneos*]" = "iPhone Distribution";
				CODE_SIGN_STYLE = Manual;
				CURRENT_PROJECT_VERSION = 1;
				DEVELOPMENT_ASSET_PATHS = "\"TestTaskApp/Resource/Preview Content\"";
				DEVELOPMENT_TEAM = "";
				"DEVELOPMENT_TEAM[sdk=iphoneos*]" = NJ2VN69GA8;
				ENABLE_PREVIEWS = YES;
				GENERATE_INFOPLIST_FILE = YES;
				INFOPLIST_FILE = TestTaskApp/Resource/Info.plist;
				INFOPLIST_KEY_LSApplicationCategoryType = "public.app-category.video";
				INFOPLIST_KEY_UIApplicationSupportsIndirectInputEvents = YES;
				INFOPLIST_KEY_UILaunchScreen_Generation = YES;
				INFOPLIST_KEY_UISupportedInterfaceOrientations = UIInterfaceOrientationPortrait;
				INFOPLIST_KEY_UISupportedInterfaceOrientations_iPad = "UIInterfaceOrientationLandscapeLeft UIInterfaceOrientationLandscapeRight UIInterfaceOrientationPortrait UIInterfaceOrientationPortraitUpsideDown";
				IPHONEOS_DEPLOYMENT_TARGET = 15.0;
				LD_RUNPATH_SEARCH_PATHS = (
					"$(inherited)",
					"@executable_path/Frameworks",
				);
				MARKETING_VERSION = 1.0;
				PRODUCT_BUNDLE_IDENTIFIER = zav.TestTaskApp;
				PRODUCT_NAME = "$(TARGET_NAME)";
				PROVISIONING_PROFILE_SPECIFIER = "";
				"PROVISIONING_PROFILE_SPECIFIER[sdk=iphoneos*]" = "Prod - TestTaskApp";
				SUPPORTED_PLATFORMS = "iphoneos iphonesimulator";
				SUPPORTS_MACCATALYST = NO;
				SUPPORTS_MAC_DESIGNED_FOR_IPHONE_IPAD = YES;
				SWIFT_EMIT_LOC_STRINGS = YES;
				SWIFT_VERSION = 5.0;
				TARGETED_DEVICE_FAMILY = 1;
			};
			name = "Release-dev";
		};
		1FB51FD2299BE8ED00457566 /* Debug-prod */ = {
			isa = XCBuildConfiguration;
			buildSettings = {
				ALWAYS_SEARCH_USER_PATHS = NO;
				BUNDLE_LOADER = "$(TEST_HOST)";
				CLANG_ANALYZER_NONNULL = YES;
				CLANG_ANALYZER_NUMBER_OBJECT_CONVERSION = YES_AGGRESSIVE;
				CLANG_CXX_LANGUAGE_STANDARD = "gnu++20";
				CLANG_ENABLE_MODULES = YES;
				CLANG_ENABLE_OBJC_ARC = YES;
				CLANG_ENABLE_OBJC_WEAK = YES;
				CLANG_WARN_BLOCK_CAPTURE_AUTORELEASING = YES;
				CLANG_WARN_BOOL_CONVERSION = YES;
				CLANG_WARN_COMMA = YES;
				CLANG_WARN_CONSTANT_CONVERSION = YES;
				CLANG_WARN_DEPRECATED_OBJC_IMPLEMENTATIONS = YES;
				CLANG_WARN_DIRECT_OBJC_ISA_USAGE = YES_ERROR;
				CLANG_WARN_DOCUMENTATION_COMMENTS = YES;
				CLANG_WARN_EMPTY_BODY = YES;
				CLANG_WARN_ENUM_CONVERSION = YES;
				CLANG_WARN_INFINITE_RECURSION = YES;
				CLANG_WARN_INT_CONVERSION = YES;
				CLANG_WARN_NON_LITERAL_NULL_CONVERSION = YES;
				CLANG_WARN_OBJC_IMPLICIT_RETAIN_SELF = YES;
				CLANG_WARN_OBJC_LITERAL_CONVERSION = YES;
				CLANG_WARN_OBJC_ROOT_CLASS = YES_ERROR;
				CLANG_WARN_QUOTED_INCLUDE_IN_FRAMEWORK_HEADER = YES;
				CLANG_WARN_RANGE_LOOP_ANALYSIS = YES;
				CLANG_WARN_STRICT_PROTOTYPES = YES;
				CLANG_WARN_SUSPICIOUS_MOVE = YES;
				CLANG_WARN_UNGUARDED_AVAILABILITY = YES_AGGRESSIVE;
				CLANG_WARN_UNREACHABLE_CODE = YES;
				CLANG_WARN__DUPLICATE_METHOD_MATCH = YES;
				CODE_SIGN_STYLE = Automatic;
				COPY_PHASE_STRIP = NO;
				CURRENT_PROJECT_VERSION = 1;
				DEBUG_INFORMATION_FORMAT = dwarf;
				DEVELOPMENT_TEAM = NJ2VN69GA8;
				ENABLE_STRICT_OBJC_MSGSEND = YES;
				ENABLE_TESTABILITY = YES;
				GCC_C_LANGUAGE_STANDARD = gnu11;
				GCC_DYNAMIC_NO_PIC = NO;
				GCC_NO_COMMON_BLOCKS = YES;
				GCC_OPTIMIZATION_LEVEL = 0;
				GCC_PREPROCESSOR_DEFINITIONS = (
					"DEBUG=1",
					"$(inherited)",
				);
				GCC_WARN_64_TO_32_BIT_CONVERSION = YES;
				GCC_WARN_ABOUT_RETURN_TYPE = YES_ERROR;
				GCC_WARN_UNDECLARED_SELECTOR = YES;
				GCC_WARN_UNINITIALIZED_AUTOS = YES_AGGRESSIVE;
				GCC_WARN_UNUSED_FUNCTION = YES;
				GCC_WARN_UNUSED_VARIABLE = YES;
				GENERATE_INFOPLIST_FILE = YES;
				IPHONEOS_DEPLOYMENT_TARGET = 16.2;
				MARKETING_VERSION = 1.0;
				MTL_ENABLE_DEBUG_INFO = INCLUDE_SOURCE;
				MTL_FAST_MATH = YES;
				ONLY_ACTIVE_ARCH = YES;
				PRODUCT_BUNDLE_IDENTIFIER = zav.TestTaskAppTests;
				PRODUCT_NAME = "$(TARGET_NAME)";
				SDKROOT = iphoneos;
				SWIFT_ACTIVE_COMPILATION_CONDITIONS = DEBUG;
				SWIFT_EMIT_LOC_STRINGS = NO;
				SWIFT_OPTIMIZATION_LEVEL = "-Onone";
				SWIFT_VERSION = 5.0;
				TARGETED_DEVICE_FAMILY = "1,2";
				TEST_HOST = "$(BUILT_PRODUCTS_DIR)/TestTaskApp.app/$(BUNDLE_EXECUTABLE_FOLDER_PATH)/TestTaskApp";
			};
			name = "Debug-prod";
		};
		1FB51FD3299BE8ED00457566 /* Debug-dev */ = {
			isa = XCBuildConfiguration;
			buildSettings = {
				ALWAYS_SEARCH_USER_PATHS = NO;
				BUNDLE_LOADER = "$(TEST_HOST)";
				CLANG_ANALYZER_NONNULL = YES;
				CLANG_ANALYZER_NUMBER_OBJECT_CONVERSION = YES_AGGRESSIVE;
				CLANG_CXX_LANGUAGE_STANDARD = "gnu++20";
				CLANG_ENABLE_MODULES = YES;
				CLANG_ENABLE_OBJC_ARC = YES;
				CLANG_ENABLE_OBJC_WEAK = YES;
				CLANG_WARN_BLOCK_CAPTURE_AUTORELEASING = YES;
				CLANG_WARN_BOOL_CONVERSION = YES;
				CLANG_WARN_COMMA = YES;
				CLANG_WARN_CONSTANT_CONVERSION = YES;
				CLANG_WARN_DEPRECATED_OBJC_IMPLEMENTATIONS = YES;
				CLANG_WARN_DIRECT_OBJC_ISA_USAGE = YES_ERROR;
				CLANG_WARN_DOCUMENTATION_COMMENTS = YES;
				CLANG_WARN_EMPTY_BODY = YES;
				CLANG_WARN_ENUM_CONVERSION = YES;
				CLANG_WARN_INFINITE_RECURSION = YES;
				CLANG_WARN_INT_CONVERSION = YES;
				CLANG_WARN_NON_LITERAL_NULL_CONVERSION = YES;
				CLANG_WARN_OBJC_IMPLICIT_RETAIN_SELF = YES;
				CLANG_WARN_OBJC_LITERAL_CONVERSION = YES;
				CLANG_WARN_OBJC_ROOT_CLASS = YES_ERROR;
				CLANG_WARN_QUOTED_INCLUDE_IN_FRAMEWORK_HEADER = YES;
				CLANG_WARN_RANGE_LOOP_ANALYSIS = YES;
				CLANG_WARN_STRICT_PROTOTYPES = YES;
				CLANG_WARN_SUSPICIOUS_MOVE = YES;
				CLANG_WARN_UNGUARDED_AVAILABILITY = YES_AGGRESSIVE;
				CLANG_WARN_UNREACHABLE_CODE = YES;
				CLANG_WARN__DUPLICATE_METHOD_MATCH = YES;
				CODE_SIGN_STYLE = Automatic;
				COPY_PHASE_STRIP = NO;
				CURRENT_PROJECT_VERSION = 1;
				DEBUG_INFORMATION_FORMAT = dwarf;
				DEVELOPMENT_TEAM = NJ2VN69GA8;
				ENABLE_STRICT_OBJC_MSGSEND = YES;
				ENABLE_TESTABILITY = YES;
				GCC_C_LANGUAGE_STANDARD = gnu11;
				GCC_DYNAMIC_NO_PIC = NO;
				GCC_NO_COMMON_BLOCKS = YES;
				GCC_OPTIMIZATION_LEVEL = 0;
				GCC_PREPROCESSOR_DEFINITIONS = (
					"DEBUG=1",
					"$(inherited)",
				);
				GCC_WARN_64_TO_32_BIT_CONVERSION = YES;
				GCC_WARN_ABOUT_RETURN_TYPE = YES_ERROR;
				GCC_WARN_UNDECLARED_SELECTOR = YES;
				GCC_WARN_UNINITIALIZED_AUTOS = YES_AGGRESSIVE;
				GCC_WARN_UNUSED_FUNCTION = YES;
				GCC_WARN_UNUSED_VARIABLE = YES;
				GENERATE_INFOPLIST_FILE = YES;
				IPHONEOS_DEPLOYMENT_TARGET = 16.2;
				MARKETING_VERSION = 1.0;
				MTL_ENABLE_DEBUG_INFO = INCLUDE_SOURCE;
				MTL_FAST_MATH = YES;
				ONLY_ACTIVE_ARCH = YES;
				PRODUCT_BUNDLE_IDENTIFIER = zav.TestTaskAppTests;
				PRODUCT_NAME = "$(TARGET_NAME)";
				SDKROOT = iphoneos;
				SWIFT_ACTIVE_COMPILATION_CONDITIONS = DEBUG;
				SWIFT_EMIT_LOC_STRINGS = NO;
				SWIFT_OPTIMIZATION_LEVEL = "-Onone";
				SWIFT_VERSION = 5.0;
				TARGETED_DEVICE_FAMILY = "1,2";
				TEST_HOST = "$(BUILT_PRODUCTS_DIR)/TestTaskApp.app/$(BUNDLE_EXECUTABLE_FOLDER_PATH)/TestTaskApp";
			};
			name = "Debug-dev";
		};
		1FB51FD4299BE8ED00457566 /* Release-prod */ = {
			isa = XCBuildConfiguration;
			buildSettings = {
				ALWAYS_SEARCH_USER_PATHS = NO;
				BUNDLE_LOADER = "$(TEST_HOST)";
				CLANG_ANALYZER_NONNULL = YES;
				CLANG_ANALYZER_NUMBER_OBJECT_CONVERSION = YES_AGGRESSIVE;
				CLANG_CXX_LANGUAGE_STANDARD = "gnu++20";
				CLANG_ENABLE_MODULES = YES;
				CLANG_ENABLE_OBJC_ARC = YES;
				CLANG_ENABLE_OBJC_WEAK = YES;
				CLANG_WARN_BLOCK_CAPTURE_AUTORELEASING = YES;
				CLANG_WARN_BOOL_CONVERSION = YES;
				CLANG_WARN_COMMA = YES;
				CLANG_WARN_CONSTANT_CONVERSION = YES;
				CLANG_WARN_DEPRECATED_OBJC_IMPLEMENTATIONS = YES;
				CLANG_WARN_DIRECT_OBJC_ISA_USAGE = YES_ERROR;
				CLANG_WARN_DOCUMENTATION_COMMENTS = YES;
				CLANG_WARN_EMPTY_BODY = YES;
				CLANG_WARN_ENUM_CONVERSION = YES;
				CLANG_WARN_INFINITE_RECURSION = YES;
				CLANG_WARN_INT_CONVERSION = YES;
				CLANG_WARN_NON_LITERAL_NULL_CONVERSION = YES;
				CLANG_WARN_OBJC_IMPLICIT_RETAIN_SELF = YES;
				CLANG_WARN_OBJC_LITERAL_CONVERSION = YES;
				CLANG_WARN_OBJC_ROOT_CLASS = YES_ERROR;
				CLANG_WARN_QUOTED_INCLUDE_IN_FRAMEWORK_HEADER = YES;
				CLANG_WARN_RANGE_LOOP_ANALYSIS = YES;
				CLANG_WARN_STRICT_PROTOTYPES = YES;
				CLANG_WARN_SUSPICIOUS_MOVE = YES;
				CLANG_WARN_UNGUARDED_AVAILABILITY = YES_AGGRESSIVE;
				CLANG_WARN_UNREACHABLE_CODE = YES;
				CLANG_WARN__DUPLICATE_METHOD_MATCH = YES;
				CODE_SIGN_STYLE = Automatic;
				COPY_PHASE_STRIP = NO;
				CURRENT_PROJECT_VERSION = 1;
				DEBUG_INFORMATION_FORMAT = "dwarf-with-dsym";
				DEVELOPMENT_TEAM = NJ2VN69GA8;
				ENABLE_NS_ASSERTIONS = NO;
				ENABLE_STRICT_OBJC_MSGSEND = YES;
				GCC_C_LANGUAGE_STANDARD = gnu11;
				GCC_NO_COMMON_BLOCKS = YES;
				GCC_WARN_64_TO_32_BIT_CONVERSION = YES;
				GCC_WARN_ABOUT_RETURN_TYPE = YES_ERROR;
				GCC_WARN_UNDECLARED_SELECTOR = YES;
				GCC_WARN_UNINITIALIZED_AUTOS = YES_AGGRESSIVE;
				GCC_WARN_UNUSED_FUNCTION = YES;
				GCC_WARN_UNUSED_VARIABLE = YES;
				GENERATE_INFOPLIST_FILE = YES;
				IPHONEOS_DEPLOYMENT_TARGET = 16.2;
				MARKETING_VERSION = 1.0;
				MTL_ENABLE_DEBUG_INFO = NO;
				MTL_FAST_MATH = YES;
				PRODUCT_BUNDLE_IDENTIFIER = zav.TestTaskAppTests;
				PRODUCT_NAME = "$(TARGET_NAME)";
				SDKROOT = iphoneos;
				SWIFT_COMPILATION_MODE = wholemodule;
				SWIFT_EMIT_LOC_STRINGS = NO;
				SWIFT_OPTIMIZATION_LEVEL = "-O";
				SWIFT_VERSION = 5.0;
				TARGETED_DEVICE_FAMILY = "1,2";
				TEST_HOST = "$(BUILT_PRODUCTS_DIR)/TestTaskApp.app/$(BUNDLE_EXECUTABLE_FOLDER_PATH)/TestTaskApp";
				VALIDATE_PRODUCT = YES;
			};
			name = "Release-prod";
		};
		1FB51FD5299BE8ED00457566 /* Release-dev */ = {
			isa = XCBuildConfiguration;
			buildSettings = {
				ALWAYS_SEARCH_USER_PATHS = NO;
				BUNDLE_LOADER = "$(TEST_HOST)";
				CLANG_ANALYZER_NONNULL = YES;
				CLANG_ANALYZER_NUMBER_OBJECT_CONVERSION = YES_AGGRESSIVE;
				CLANG_CXX_LANGUAGE_STANDARD = "gnu++20";
				CLANG_ENABLE_MODULES = YES;
				CLANG_ENABLE_OBJC_ARC = YES;
				CLANG_ENABLE_OBJC_WEAK = YES;
				CLANG_WARN_BLOCK_CAPTURE_AUTORELEASING = YES;
				CLANG_WARN_BOOL_CONVERSION = YES;
				CLANG_WARN_COMMA = YES;
				CLANG_WARN_CONSTANT_CONVERSION = YES;
				CLANG_WARN_DEPRECATED_OBJC_IMPLEMENTATIONS = YES;
				CLANG_WARN_DIRECT_OBJC_ISA_USAGE = YES_ERROR;
				CLANG_WARN_DOCUMENTATION_COMMENTS = YES;
				CLANG_WARN_EMPTY_BODY = YES;
				CLANG_WARN_ENUM_CONVERSION = YES;
				CLANG_WARN_INFINITE_RECURSION = YES;
				CLANG_WARN_INT_CONVERSION = YES;
				CLANG_WARN_NON_LITERAL_NULL_CONVERSION = YES;
				CLANG_WARN_OBJC_IMPLICIT_RETAIN_SELF = YES;
				CLANG_WARN_OBJC_LITERAL_CONVERSION = YES;
				CLANG_WARN_OBJC_ROOT_CLASS = YES_ERROR;
				CLANG_WARN_QUOTED_INCLUDE_IN_FRAMEWORK_HEADER = YES;
				CLANG_WARN_RANGE_LOOP_ANALYSIS = YES;
				CLANG_WARN_STRICT_PROTOTYPES = YES;
				CLANG_WARN_SUSPICIOUS_MOVE = YES;
				CLANG_WARN_UNGUARDED_AVAILABILITY = YES_AGGRESSIVE;
				CLANG_WARN_UNREACHABLE_CODE = YES;
				CLANG_WARN__DUPLICATE_METHOD_MATCH = YES;
				CODE_SIGN_STYLE = Automatic;
				COPY_PHASE_STRIP = NO;
				CURRENT_PROJECT_VERSION = 1;
				DEBUG_INFORMATION_FORMAT = "dwarf-with-dsym";
				DEVELOPMENT_TEAM = NJ2VN69GA8;
				ENABLE_NS_ASSERTIONS = NO;
				ENABLE_STRICT_OBJC_MSGSEND = YES;
				GCC_C_LANGUAGE_STANDARD = gnu11;
				GCC_NO_COMMON_BLOCKS = YES;
				GCC_WARN_64_TO_32_BIT_CONVERSION = YES;
				GCC_WARN_ABOUT_RETURN_TYPE = YES_ERROR;
				GCC_WARN_UNDECLARED_SELECTOR = YES;
				GCC_WARN_UNINITIALIZED_AUTOS = YES_AGGRESSIVE;
				GCC_WARN_UNUSED_FUNCTION = YES;
				GCC_WARN_UNUSED_VARIABLE = YES;
				GENERATE_INFOPLIST_FILE = YES;
				IPHONEOS_DEPLOYMENT_TARGET = 16.2;
				MARKETING_VERSION = 1.0;
				MTL_ENABLE_DEBUG_INFO = NO;
				MTL_FAST_MATH = YES;
				PRODUCT_BUNDLE_IDENTIFIER = zav.TestTaskAppTests;
				PRODUCT_NAME = "$(TARGET_NAME)";
				SDKROOT = iphoneos;
				SWIFT_COMPILATION_MODE = wholemodule;
				SWIFT_EMIT_LOC_STRINGS = NO;
				SWIFT_OPTIMIZATION_LEVEL = "-O";
				SWIFT_VERSION = 5.0;
				TARGETED_DEVICE_FAMILY = "1,2";
				TEST_HOST = "$(BUILT_PRODUCTS_DIR)/TestTaskApp.app/$(BUNDLE_EXECUTABLE_FOLDER_PATH)/TestTaskApp";
				VALIDATE_PRODUCT = YES;
			};
			name = "Release-dev";
		};
		1FC74F54299A5E8700EEBE80 /* Debug-prod */ = {
			isa = XCBuildConfiguration;
			baseConfigurationReference = 1FC74F61299A61D900EEBE80 /* ConfigProd.xcconfig */;
			buildSettings = {
				ALWAYS_SEARCH_USER_PATHS = NO;
				CLANG_ANALYZER_LOCALIZABILITY_NONLOCALIZED = YES;
				CLANG_ANALYZER_NONNULL = YES;
				CLANG_ANALYZER_NUMBER_OBJECT_CONVERSION = YES_AGGRESSIVE;
				CLANG_CXX_LANGUAGE_STANDARD = "gnu++20";
				CLANG_ENABLE_MODULES = YES;
				CLANG_ENABLE_OBJC_ARC = YES;
				CLANG_ENABLE_OBJC_WEAK = YES;
				CLANG_WARN_BLOCK_CAPTURE_AUTORELEASING = YES;
				CLANG_WARN_BOOL_CONVERSION = YES;
				CLANG_WARN_COMMA = YES;
				CLANG_WARN_CONSTANT_CONVERSION = YES;
				CLANG_WARN_DEPRECATED_OBJC_IMPLEMENTATIONS = YES;
				CLANG_WARN_DIRECT_OBJC_ISA_USAGE = YES_ERROR;
				CLANG_WARN_DOCUMENTATION_COMMENTS = YES;
				CLANG_WARN_EMPTY_BODY = YES;
				CLANG_WARN_ENUM_CONVERSION = YES;
				CLANG_WARN_INFINITE_RECURSION = YES;
				CLANG_WARN_INT_CONVERSION = YES;
				CLANG_WARN_NON_LITERAL_NULL_CONVERSION = YES;
				CLANG_WARN_OBJC_IMPLICIT_RETAIN_SELF = YES;
				CLANG_WARN_OBJC_LITERAL_CONVERSION = YES;
				CLANG_WARN_OBJC_ROOT_CLASS = YES_ERROR;
				CLANG_WARN_QUOTED_INCLUDE_IN_FRAMEWORK_HEADER = YES;
				CLANG_WARN_RANGE_LOOP_ANALYSIS = YES;
				CLANG_WARN_STRICT_PROTOTYPES = YES;
				CLANG_WARN_SUSPICIOUS_MOVE = YES;
				CLANG_WARN_UNGUARDED_AVAILABILITY = YES_AGGRESSIVE;
				CLANG_WARN_UNREACHABLE_CODE = YES;
				CLANG_WARN__DUPLICATE_METHOD_MATCH = YES;
				COPY_PHASE_STRIP = NO;
				DEBUG_INFORMATION_FORMAT = dwarf;
				ENABLE_STRICT_OBJC_MSGSEND = YES;
				ENABLE_TESTABILITY = YES;
				GCC_C_LANGUAGE_STANDARD = gnu11;
				GCC_DYNAMIC_NO_PIC = NO;
				GCC_NO_COMMON_BLOCKS = YES;
				GCC_OPTIMIZATION_LEVEL = 0;
				GCC_PREPROCESSOR_DEFINITIONS = (
					"DEBUG=1",
					"$(inherited)",
				);
				GCC_WARN_64_TO_32_BIT_CONVERSION = YES;
				GCC_WARN_ABOUT_RETURN_TYPE = YES_ERROR;
				GCC_WARN_UNDECLARED_SELECTOR = YES;
				GCC_WARN_UNINITIALIZED_AUTOS = YES_AGGRESSIVE;
				GCC_WARN_UNUSED_FUNCTION = YES;
				GCC_WARN_UNUSED_VARIABLE = YES;
				IPHONEOS_DEPLOYMENT_TARGET = 16.2;
				MTL_ENABLE_DEBUG_INFO = INCLUDE_SOURCE;
				MTL_FAST_MATH = YES;
				ONLY_ACTIVE_ARCH = YES;
				SDKROOT = iphoneos;
				SWIFT_ACTIVE_COMPILATION_CONDITIONS = DEBUG;
				SWIFT_OPTIMIZATION_LEVEL = "-Onone";
			};
			name = "Debug-prod";
		};
		1FC74F57299A5E8700EEBE80 /* Debug-prod */ = {
			isa = XCBuildConfiguration;
			baseConfigurationReference = A167799FCA1BE63CB3AC62D9 /* Pods-TestTaskApp.debug-prod.xcconfig */;
			buildSettings = {
				ASSETCATALOG_COMPILER_APPICON_NAME = AppIcon;
				ASSETCATALOG_COMPILER_GLOBAL_ACCENT_COLOR_NAME = AccentColor;
				"CODE_SIGN_IDENTITY[sdk=iphoneos*]" = "iPhone Developer";
				CODE_SIGN_STYLE = Manual;
				CURRENT_PROJECT_VERSION = 1;
				DEVELOPMENT_ASSET_PATHS = "\"TestTaskApp/Resource/Preview Content\"";
				DEVELOPMENT_TEAM = "";
				"DEVELOPMENT_TEAM[sdk=iphoneos*]" = NJ2VN69GA8;
				ENABLE_PREVIEWS = YES;
				GENERATE_INFOPLIST_FILE = YES;
				INFOPLIST_FILE = TestTaskApp/Resource/Info.plist;
				INFOPLIST_KEY_LSApplicationCategoryType = "public.app-category.video";
				INFOPLIST_KEY_UIApplicationSupportsIndirectInputEvents = YES;
				INFOPLIST_KEY_UILaunchScreen_Generation = YES;
				INFOPLIST_KEY_UISupportedInterfaceOrientations = UIInterfaceOrientationPortrait;
				INFOPLIST_KEY_UISupportedInterfaceOrientations_iPad = "UIInterfaceOrientationLandscapeLeft UIInterfaceOrientationLandscapeRight UIInterfaceOrientationPortrait UIInterfaceOrientationPortraitUpsideDown";
				IPHONEOS_DEPLOYMENT_TARGET = 15.0;
				LD_RUNPATH_SEARCH_PATHS = (
					"$(inherited)",
					"@executable_path/Frameworks",
				);
				MARKETING_VERSION = 1.0;
				PRODUCT_BUNDLE_IDENTIFIER = zav.TestTaskApp;
				PRODUCT_NAME = "$(TARGET_NAME)";
				PROVISIONING_PROFILE_SPECIFIER = "";
				"PROVISIONING_PROFILE_SPECIFIER[sdk=iphoneos*]" = "Dev - TestTaskApp";
				SUPPORTED_PLATFORMS = "iphoneos iphonesimulator";
				SUPPORTS_MACCATALYST = NO;
				SUPPORTS_MAC_DESIGNED_FOR_IPHONE_IPAD = YES;
				SWIFT_EMIT_LOC_STRINGS = YES;
				SWIFT_VERSION = 5.0;
				TARGETED_DEVICE_FAMILY = 1;
			};
			name = "Debug-prod";
		};
/* End XCBuildConfiguration section */

/* Begin XCConfigurationList section */
		1FB51FD6299BE8ED00457566 /* Build configuration list for PBXNativeTarget "TestTaskAppTests" */ = {
			isa = XCConfigurationList;
			buildConfigurations = (
				1FB51FD2299BE8ED00457566 /* Debug-prod */,
				1FB51FD3299BE8ED00457566 /* Debug-dev */,
				1FB51FD4299BE8ED00457566 /* Release-prod */,
				1FB51FD5299BE8ED00457566 /* Release-dev */,
			);
			defaultConfigurationIsVisible = 0;
			defaultConfigurationName = "Debug-prod";
		};
		1FC74F43299A5E8500EEBE80 /* Build configuration list for PBXProject "TestTaskApp" */ = {
			isa = XCConfigurationList;
			buildConfigurations = (
				1FC74F54299A5E8700EEBE80 /* Debug-prod */,
				1FB51FB2299A955E00457566 /* Debug-dev */,
				1FB51FB4299A956900457566 /* Release-prod */,
				1FB51FB6299A957A00457566 /* Release-dev */,
			);
			defaultConfigurationIsVisible = 0;
			defaultConfigurationName = "Debug-prod";
		};
		1FC74F56299A5E8700EEBE80 /* Build configuration list for PBXNativeTarget "TestTaskApp" */ = {
			isa = XCConfigurationList;
			buildConfigurations = (
				1FC74F57299A5E8700EEBE80 /* Debug-prod */,
				1FB51FB3299A955E00457566 /* Debug-dev */,
				1FB51FB5299A956900457566 /* Release-prod */,
				1FB51FB7299A957A00457566 /* Release-dev */,
			);
			defaultConfigurationIsVisible = 0;
			defaultConfigurationName = "Debug-prod";
		};
/* End XCConfigurationList section */

/* Begin XCVersionGroup section */
		1FC74F63299A61F800EEBE80 /* DataModel.xcdatamodeld */ = {
			isa = XCVersionGroup;
			children = (
				1FC74F64299A61F800EEBE80 /* DataModel.xcdatamodel */,
			);
			currentVersion = 1FC74F64299A61F800EEBE80 /* DataModel.xcdatamodel */;
			path = DataModel.xcdatamodeld;
			sourceTree = "<group>";
			versionGroupType = wrapper.xcdatamodel;
		};
/* End XCVersionGroup section */
	};
	rootObject = 1FC74F40299A5E8500EEBE80 /* Project object */;
}
